
Microsoft Visual Studio Solution File, Format Version 12.00
# Visual Studio Version 17
VisualStudioVersion = 17.0.31903.59
MinimumVisualStudioVersion = 10.0.40219.1
Project("{FAE04EC0-301F-11D3-BF4B-00C04F79EFBC}") = "API", "API\API.csproj", "{E1D15412-E2F3-4FDB-8DD7-FF2866086240}"
EndProject
Project("{FAE04EC0-301F-11D3-BF4B-00C04F79EFBC}") = "Application", "Application\Application.csproj", "{5EF09E3C-E30B-4393-854F-CCD723F0817D}"
EndProject
Project("{FAE04EC0-301F-11D3-BF4B-00C04F79EFBC}") = "Domain", "Domain\Domain.csproj", "{4544562F-831D-4E21-9075-18979072C0DB}"
EndProject
Project("{FAE04EC0-301F-11D3-BF4B-00C04F79EFBC}") = "Persistence", "Persistence\Persistence.csproj", "{7DE408C6-0349-4789-A384-E1BC33FE2439}"
EndProject
Project("{FAE04EC0-301F-11D3-BF4B-00C04F79EFBC}") = "Infrastructure", "Infrastructure\Infrastructure.csproj", "{2B482759-544F-4B31-A9E1-BB87BFF3E6A1}"
EndProject
Global
	GlobalSection(SolutionConfigurationPlatforms) = preSolution
		Debug|Any CPU = Debug|Any CPU
		Release|Any CPU = Release|Any CPU
	EndGlobalSection
	GlobalSection(SolutionProperties) = preSolution
		HideSolutionNode = FALSE
	EndGlobalSection
	GlobalSection(ProjectConfigurationPlatforms) = postSolution
		{E1D15412-E2F3-4FDB-8DD7-FF2866086240}.Debug|Any CPU.ActiveCfg = Debug|Any CPU
		{E1D15412-E2F3-4FDB-8DD7-FF2866086240}.Debug|Any CPU.Build.0 = Debug|Any CPU
		{E1D15412-E2F3-4FDB-8DD7-FF2866086240}.Release|Any CPU.ActiveCfg = Release|Any CPU
		{E1D15412-E2F3-4FDB-8DD7-FF2866086240}.Release|Any CPU.Build.0 = Release|Any CPU
		{5EF09E3C-E30B-4393-854F-CCD723F0817D}.Debug|Any CPU.ActiveCfg = Debug|Any CPU
		{5EF09E3C-E30B-4393-854F-CCD723F0817D}.Debug|Any CPU.Build.0 = Debug|Any CPU
		{5EF09E3C-E30B-4393-854F-CCD723F0817D}.Release|Any CPU.ActiveCfg = Release|Any CPU
		{5EF09E3C-E30B-4393-854F-CCD723F0817D}.Release|Any CPU.Build.0 = Release|Any CPU
		{4544562F-831D-4E21-9075-18979072C0DB}.Debug|Any CPU.ActiveCfg = Debug|Any CPU
		{4544562F-831D-4E21-9075-18979072C0DB}.Debug|Any CPU.Build.0 = Debug|Any CPU
		{4544562F-831D-4E21-9075-18979072C0DB}.Release|Any CPU.ActiveCfg = Release|Any CPU
		{4544562F-831D-4E21-9075-18979072C0DB}.Release|Any CPU.Build.0 = Release|Any CPU
		{7DE408C6-0349-4789-A384-E1BC33FE2439}.Debug|Any CPU.ActiveCfg = Debug|Any CPU
		{7DE408C6-0349-4789-A384-E1BC33FE2439}.Debug|Any CPU.Build.0 = Debug|Any CPU
		{7DE408C6-0349-4789-A384-E1BC33FE2439}.Release|Any CPU.ActiveCfg = Release|Any CPU
		{7DE408C6-0349-4789-A384-E1BC33FE2439}.Release|Any CPU.Build.0 = Release|Any CPU
		{2B482759-544F-4B31-A9E1-BB87BFF3E6A1}.Debug|Any CPU.ActiveCfg = Debug|Any CPU
		{2B482759-544F-4B31-A9E1-BB87BFF3E6A1}.Debug|Any CPU.Build.0 = Debug|Any CPU
		{2B482759-544F-4B31-A9E1-BB87BFF3E6A1}.Release|Any CPU.ActiveCfg = Release|Any CPU
		{2B482759-544F-4B31-A9E1-BB87BFF3E6A1}.Release|Any CPU.Build.0 = Release|Any CPU
	EndGlobalSection
EndGlobal
